# This file is generated by running "yarn install" inside your project.
# Manual changes might be lost - proceed with caution!

__metadata:
  version: 8
  cacheKey: 10c0

"prettier@npm:3.2.5":
  version: 3.2.5
  resolution: "prettier@npm:3.2.5"
  bin:
    prettier: bin/prettier.cjs
  checksum: 10c0/ea327f37a7d46f2324a34ad35292af2ad4c4c3c3355da07313339d7e554320f66f65f91e856add8530157a733c6c4a897dc41b577056be5c24c40f739f5ee8c6
  languageName: node
  linkType: hard

"root-workspace-0b6124@workspace:.":
  version: 0.0.0-use.local
  resolution: "root-workspace-0b6124@workspace:."
  dependencies:
    prettier: "npm:3.2.5"
  languageName: unknown
  linkType: soft
