# This file is generated by running "yarn install" inside your project.
# Manual changes might be lost - proceed with caution!

__metadata:
  version: 8
  cacheKey: 10c0

"prettier@npm:3.3.1":
  version: 3.3.1
  resolution: "prettier@npm:3.3.1"
  bin:
    prettier: bin/prettier.cjs
  checksum: 10c0/c25a709c9f0be670dc6bcb190b622347e1dbeb6c3e7df8b0711724cb64d8647c60b839937a4df4df18e9cfb556c2b08ca9d24d9645eb5488a7fc032a2c4d5cb3
  languageName: node
  linkType: hard

"root-workspace-0b6124@workspace:.":
  version: 0.0.0-use.local
  resolution: "root-workspace-0b6124@workspace:."
  dependencies:
    prettier: "npm:3.3.1"
  languageName: unknown
  linkType: soft
